{
  "name": "youtube-audio-stream",
  "version": "0.3.60",
  "lockfileVersion": 3,
  "requires": true,
  "packages": {
    "": {
      "name": "youtube-audio-stream",
      "version": "0.3.60",
      "license": "MIT",
      "dependencies": {
        "fluent-ffmpeg": "2.1.3",
        "undici": "7.8.0",
        "ytdl-core": "4.11.5"
      },
      "bin": {
        "youtube-audio-stream": "index.js"
      },
      "devDependencies": {
        "@distube/ytdl-core": "4.16.9",
        "@types/node": "22.14.1"
      }
    },
    "node_modules/@distube/ytdl-core": {
      "version": "4.16.9",
      "resolved": "https://registry.npmjs.org/@distube/ytdl-core/-/ytdl-core-4.16.9.tgz",
      "integrity": "sha512-eRYM3lDR1/1ZB+k6jzIdR+8m9VsYEqjz9+DstX1S/aW1f2rlbj22WCdrRbE+sE3DJW8DLJEp69akfjWqQ+nKIw==",
      "dev": true,
      "license": "MIT",
      "dependencies": {
        "http-cookie-agent": "^7.0.1",
        "https-proxy-agent": "^7.0.6",
        "m3u8stream": "^0.8.6",
        "miniget": "^4.2.3",
        "sax": "^1.4.1",
        "tough-cookie": "^5.1.2",
        "undici": "^7.8.0"
      },
      "engines": {
        "node": ">=20.18.1"
      },
      "funding": {
        "url": "https://github.com/distubejs/ytdl-core?sponsor"
      }
    },
    "node_modules/@types/node": {
      "version": "22.14.1",
      "resolved": "https://registry.npmjs.org/@types/node/-/node-22.14.1.tgz",
      "integrity": "sha512-u0HuPQwe/dHrItgHHpmw3N2fYCR6x4ivMNbPHRkBVP4CvN+kiRrKHWk3i8tXiO/joPwXLMYvF9TTF0eqgHIuOw==",
      "dev": true,
      "license": "MIT",
      "dependencies": {
        "undici-types": "~6.21.0"
      }
    },
    "node_modules/agent-base": {
      "version": "7.1.3",
      "resolved": "https://registry.npmjs.org/agent-base/-/agent-base-7.1.3.tgz",
      "integrity": "sha512-jRR5wdylq8CkOe6hei19GGZnxM6rBGwFl3Bg0YItGDimvjGtAvdZk4Pu6Cl4u4Igsws4a1fd1Vq3ezrhn4KmFw==",
      "dev": true,
      "license": "MIT",
      "engines": {
        "node": ">= 14"
      }
    },
    "node_modules/async": {
      "version": "0.2.10",
      "resolved": "https://registry.npmjs.org/async/-/async-0.2.10.tgz",
      "integrity": "sha512-eAkdoKxU6/LkKDBzLpT+t6Ff5EtfSF4wx1WfJiPEEV7WNLnDaRXk0oVysiEPm262roaachGexwUv94WhSgN5TQ=="
    },
    "node_modules/debug": {
      "version": "4.4.0",
      "resolved": "https://registry.npmjs.org/debug/-/debug-4.4.0.tgz",
      "integrity": "sha512-6WTZ/IxCY/T6BALoZHaE4ctp9xm+Z5kY/pzYaCHRFeyVhojxlrm+46y68HA6hr0TcwEssoxNiDEUJQjfPZ/RYA==",
      "dev": true,
      "license": "MIT",
      "dependencies": {
        "ms": "^2.1.3"
      },
      "engines": {
        "node": ">=6.0"
      },
      "peerDependenciesMeta": {
        "supports-color": {
          "optional": true
        }
      }
    },
    "node_modules/fluent-ffmpeg": {
      "version": "2.1.3",
      "resolved": "https://registry.npmjs.org/fluent-ffmpeg/-/fluent-ffmpeg-2.1.3.tgz",
      "integrity": "sha512-Be3narBNt2s6bsaqP6Jzq91heDgOEaDCJAXcE3qcma/EJBSy5FB4cvO31XBInuAuKBx8Kptf8dkhjK0IOru39Q==",
      "license": "MIT",
      "dependencies": {
        "async": "^0.2.9",
        "which": "^1.1.1"
      },
      "engines": {
        "node": ">=18"
      }
    },
    "node_modules/http-cookie-agent": {
      "version": "7.0.1",
      "resolved": "https://registry.npmjs.org/http-cookie-agent/-/http-cookie-agent-7.0.1.tgz",
      "integrity": "sha512-lZHFZUdPTw64PdksQac5xbUd4NWjUbyDYnvR//2sbLpcC4UqEUW0x/6O+rDntVzJzJ07QvhtL5XZSC+c5EK+IQ==",
      "dev": true,
      "license": "MIT",
      "dependencies": {
        "agent-base": "^7.1.3"
      },
      "engines": {
        "node": ">=20.0.0"
      },
      "funding": {
        "url": "https://github.com/sponsors/3846masa"
      },
      "peerDependencies": {
        "tough-cookie": "^4.0.0 || ^5.0.0",
        "undici": "^7.0.0"
      },
      "peerDependenciesMeta": {
        "undici": {
          "optional": true
        }
      }
    },
    "node_modules/https-proxy-agent": {
      "version": "7.0.6",
      "resolved": "https://registry.npmjs.org/https-proxy-agent/-/https-proxy-agent-7.0.6.tgz",
      "integrity": "sha512-vK9P5/iUfdl95AI+JVyUuIcVtd4ofvtrOr3HNtM2yxC9bnMbEdp3x01OhQNnjb8IJYi38VlTE3mBXwcfvywuSw==",
      "dev": true,
      "license": "MIT",
      "dependencies": {
        "agent-base": "^7.1.2",
        "debug": "4"
      },
      "engines": {
        "node": ">= 14"
      }
    },
    "node_modules/isexe": {
      "version": "2.0.0",
      "resolved": "https://registry.npmjs.org/isexe/-/isexe-2.0.0.tgz",
      "integrity": "sha1-6PvzdNxVb/iUehDcsFctYz8s+hA="
    },
    "node_modules/m3u8stream": {
      "version": "0.8.6",
      "resolved": "https://registry.npmjs.org/m3u8stream/-/m3u8stream-0.8.6.tgz",
      "integrity": "sha512-LZj8kIVf9KCphiHmH7sbFQTVe4tOemb202fWwvJwR9W5ENW/1hxJN6ksAWGhQgSBSa3jyWhnjKU1Fw1GaOdbyA==",
      "dependencies": {
        "miniget": "^4.2.2",
        "sax": "^1.2.4"
      },
      "engines": {
        "node": ">=12"
      }
    },
    "node_modules/miniget": {
      "version": "4.2.3",
      "resolved": "https://registry.npmjs.org/miniget/-/miniget-4.2.3.tgz",
      "integrity": "sha512-SjbDPDICJ1zT+ZvQwK0hUcRY4wxlhhNpHL9nJOB2MEAXRGagTljsO8MEDzQMTFf0Q8g4QNi8P9lEm/g7e+qgzA==",
      "license": "MIT",
      "engines": {
        "node": ">=12"
      }
    },
    "node_modules/ms": {
      "version": "2.1.3",
      "resolved": "https://registry.npmjs.org/ms/-/ms-2.1.3.tgz",
      "integrity": "sha512-6FlzubTLZG3J2a/NVCAleEhjzq5oxgHyaCU9yYXvcLsvoVaHJq/s5xXI6/XXP6tz7R9xAOtHnSO/tXtF3WRTlA==",
      "dev": true,
      "license": "MIT"
    },
    "node_modules/sax": {
      "version": "1.4.1",
      "resolved": "https://registry.npmjs.org/sax/-/sax-1.4.1.tgz",
      "integrity": "sha512-+aWOz7yVScEGoKNd4PA10LZ8sk0A/z5+nXQG5giUO5rprX9jgYsTdov9qCchZiPIZezbZH+jRut8nPodFAX4Jg==",
      "license": "ISC"
    },
    "node_modules/tldts": {
      "version": "6.1.86",
      "resolved": "https://registry.npmjs.org/tldts/-/tldts-6.1.86.tgz",
      "integrity": "sha512-WMi/OQ2axVTf/ykqCQgXiIct+mSQDFdH2fkwhPwgEwvJ1kSzZRiinb0zF2Xb8u4+OqPChmyI6MEu4EezNJz+FQ==",
      "dev": true,
      "license": "MIT",
      "dependencies": {
        "tldts-core": "^6.1.86"
      },
      "bin": {
        "tldts": "bin/cli.js"
      }
    },
    "node_modules/tldts-core": {
      "version": "6.1.86",
      "resolved": "https://registry.npmjs.org/tldts-core/-/tldts-core-6.1.86.tgz",
      "integrity": "sha512-Je6p7pkk+KMzMv2XXKmAE3McmolOQFdxkKw0R8EYNr7sELW46JqnNeTX8ybPiQgvg1ymCoF8LXs5fzFaZvJPTA==",
      "dev": true,
      "license": "MIT"
    },
    "node_modules/tough-cookie": {
      "version": "5.1.2",
      "resolved": "https://registry.npmjs.org/tough-cookie/-/tough-cookie-5.1.2.tgz",
      "integrity": "sha512-FVDYdxtnj0G6Qm/DhNPSb8Ju59ULcup3tuJxkFb5K8Bv2pUXILbf0xZWU8PX8Ov19OXljbUyveOFwRMwkXzO+A==",
      "dev": true,
      "license": "BSD-3-Clause",
      "dependencies": {
        "tldts": "^6.1.32"
      },
      "engines": {
        "node": ">=16"
      }
    },
    "node_modules/undici": {
      "version": "7.8.0",
      "resolved": "https://registry.npmjs.org/undici/-/undici-7.8.0.tgz",
      "integrity": "sha512-vFv1GA99b7eKO1HG/4RPu2Is3FBTWBrmzqzO0mz+rLxN3yXkE4mqRcb8g8fHxzX4blEysrNZLqg5RbJLqX5buA==",
      "license": "MIT",
      "engines": {
        "node": ">=20.18.1"
      }
    },
    "node_modules/undici-types": {
      "version": "6.21.0",
      "resolved": "https://registry.npmjs.org/undici-types/-/undici-types-6.21.0.tgz",
      "integrity": "sha512-iwDZqg0QAGrg9Rav5H4n0M64c3mkR59cJ6wQp+7C4nI0gsmExaedaYLNO44eT4AtBBwjbTiGPMlt2Md0T9H9JQ==",
      "dev": true,
      "license": "MIT"
    },
    "node_modules/which": {
      "version": "1.3.1",
      "resolved": "https://registry.npmjs.org/which/-/which-1.3.1.tgz",
      "integrity": "sha512-HxJdYWq1MTIQbJ3nw0cqssHoTNU267KlrDuGZ1WYlxDStUtKUhOaJmh112/TZmHxxUfuJqPXSOm7tDyas0OSIQ==",
      "dependencies": {
        "isexe": "^2.0.0"
      },
      "bin": {
        "which": "bin/which"
      }
    },
    "node_modules/ytdl-core": {
      "version": "4.11.5",
      "resolved": "https://registry.npmjs.org/ytdl-core/-/ytdl-core-4.11.5.tgz",
      "integrity": "sha512-27LwsW4n4nyNviRCO1hmr8Wr5J1wLLMawHCQvH8Fk0hiRqrxuIu028WzbJetiYH28K8XDbeinYW4/wcHQD1EXA==",
      "license": "MIT",
      "dependencies": {
        "m3u8stream": "^0.8.6",
        "miniget": "^4.2.2",
        "sax": "^1.1.3"
      },
      "engines": {
        "node": ">=12"
      }
    }
  }
}
